// !$*UTF8*$!
{
	archiveVersion = 1;
	classes = {
	};
	objectVersion = 46;
	objects = {

/* Begin PBXBuildFile section */
		1D6D6FE621E51B2499E8C7D6 /* Pods_tvos_swift_focus_engine.framework in Frameworks */ = {isa = PBXBuildFile; fileRef = AC974FDB1FCB0926E3AFB600 /* Pods_tvos_swift_focus_engine.framework */; };
		2EA4AF9328E9E13C91EAB45B /* Pods_tvos_swift_focus_engineTests.framework in Frameworks */ = {isa = PBXBuildFile; fileRef = 4C7A9EE252DD3E81FD3A1A6C /* Pods_tvos_swift_focus_engineTests.framework */; };
		D8631DE71F6ED82000D93265 /* FixedViewController.swift in Sources */ = {isa = PBXBuildFile; fileRef = D8631DE61F6ED82000D93265 /* FixedViewController.swift */; };
		D8631DE91F6EFD9100D93265 /* CircleViewController.swift in Sources */ = {isa = PBXBuildFile; fileRef = D8631DE81F6EFD9100D93265 /* CircleViewController.swift */; };
		D8E2FA871F6E6EF1005BBB25 /* AppDelegate.swift in Sources */ = {isa = PBXBuildFile; fileRef = D8E2FA861F6E6EF1005BBB25 /* AppDelegate.swift */; };
		D8E2FA891F6E6EF1005BBB25 /* ViewController.swift in Sources */ = {isa = PBXBuildFile; fileRef = D8E2FA881F6E6EF1005BBB25 /* ViewController.swift */; };
		D8E2FA8C1F6E6EF1005BBB25 /* Main.storyboard in Resources */ = {isa = PBXBuildFile; fileRef = D8E2FA8A1F6E6EF1005BBB25 /* Main.storyboard */; };
		D8E2FA8E1F6E6EF1005BBB25 /* Assets.xcassets in Resources */ = {isa = PBXBuildFile; fileRef = D8E2FA8D1F6E6EF1005BBB25 /* Assets.xcassets */; };
		D8E2FA991F6E6EF1005BBB25 /* tvos_swift_focus_engineTests.swift in Sources */ = {isa = PBXBuildFile; fileRef = D8E2FA981F6E6EF1005BBB25 /* tvos_swift_focus_engineTests.swift */; };
/* End PBXBuildFile section */

/* Begin PBXContainerItemProxy section */
		D8E2FA951F6E6EF1005BBB25 /* PBXContainerItemProxy */ = {
			isa = PBXContainerItemProxy;
			containerPortal = D8E2FA7B1F6E6EF1005BBB25 /* Project object */;
			proxyType = 1;
			remoteGlobalIDString = D8E2FA821F6E6EF1005BBB25;
			remoteInfo = "tvos-swift-focus-engine";
		};
/* End PBXContainerItemProxy section */

/* Begin PBXFileReference section */
		05BCBDF37B15ADE81DDBC332 /* Pods-tvos-swift-focus-engineTests.release.xcconfig */ = {isa = PBXFileReference; includeInIndex = 1; lastKnownFileType = text.xcconfig; name = "Pods-tvos-swift-focus-engineTests.release.xcconfig"; path = "Pods/Target Support Files/Pods-tvos-swift-focus-engineTests/Pods-tvos-swift-focus-engineTests.release.xcconfig"; sourceTree = "<group>"; };
		20C31C4092C676288D0301A2 /* Pods-tvos-swift-focus-engineTests.debug.xcconfig */ = {isa = PBXFileReference; includeInIndex = 1; lastKnownFileType = text.xcconfig; name = "Pods-tvos-swift-focus-engineTests.debug.xcconfig"; path = "Pods/Target Support Files/Pods-tvos-swift-focus-engineTests/Pods-tvos-swift-focus-engineTests.debug.xcconfig"; sourceTree = "<group>"; };
		4C7A9EE252DD3E81FD3A1A6C /* Pods_tvos_swift_focus_engineTests.framework */ = {isa = PBXFileReference; explicitFileType = wrapper.framework; includeInIndex = 0; path = Pods_tvos_swift_focus_engineTests.framework; sourceTree = BUILT_PRODUCTS_DIR; };
		AC974FDB1FCB0926E3AFB600 /* Pods_tvos_swift_focus_engine.framework */ = {isa = PBXFileReference; explicitFileType = wrapper.framework; includeInIndex = 0; path = Pods_tvos_swift_focus_engine.framework; sourceTree = BUILT_PRODUCTS_DIR; };
		B6E13A848804C529D18601CD /* Pods-tvos-swift-focus-engine.release.xcconfig */ = {isa = PBXFileReference; includeInIndex = 1; lastKnownFileType = text.xcconfig; name = "Pods-tvos-swift-focus-engine.release.xcconfig"; path = "Pods/Target Support Files/Pods-tvos-swift-focus-engine/Pods-tvos-swift-focus-engine.release.xcconfig"; sourceTree = "<group>"; };
		D8631DE61F6ED82000D93265 /* FixedViewController.swift */ = {isa = PBXFileReference; fileEncoding = 4; lastKnownFileType = sourcecode.swift; path = FixedViewController.swift; sourceTree = "<group>"; };
		D8631DE81F6EFD9100D93265 /* CircleViewController.swift */ = {isa = PBXFileReference; fileEncoding = 4; lastKnownFileType = sourcecode.swift; path = CircleViewController.swift; sourceTree = "<group>"; };
		D8E2FA831F6E6EF1005BBB25 /* tvos-swift-focus-engine.app */ = {isa = PBXFileReference; explicitFileType = wrapper.application; includeInIndex = 0; path = "tvos-swift-focus-engine.app"; sourceTree = BUILT_PRODUCTS_DIR; };
		D8E2FA861F6E6EF1005BBB25 /* AppDelegate.swift */ = {isa = PBXFileReference; lastKnownFileType = sourcecode.swift; path = AppDelegate.swift; sourceTree = "<group>"; };
		D8E2FA881F6E6EF1005BBB25 /* ViewController.swift */ = {isa = PBXFileReference; lastKnownFileType = sourcecode.swift; path = ViewController.swift; sourceTree = "<group>"; };
		D8E2FA8B1F6E6EF1005BBB25 /* Base */ = {isa = PBXFileReference; lastKnownFileType = file.storyboard; name = Base; path = Base.lproj/Main.storyboard; sourceTree = "<group>"; };
		D8E2FA8D1F6E6EF1005BBB25 /* Assets.xcassets */ = {isa = PBXFileReference; lastKnownFileType = folder.assetcatalog; path = Assets.xcassets; sourceTree = "<group>"; };
		D8E2FA8F1F6E6EF1005BBB25 /* Info.plist */ = {isa = PBXFileReference; lastKnownFileType = text.plist.xml; path = Info.plist; sourceTree = "<group>"; };
		D8E2FA941F6E6EF1005BBB25 /* tvos-swift-focus-engineTests.xctest */ = {isa = PBXFileReference; explicitFileType = wrapper.cfbundle; includeInIndex = 0; path = "tvos-swift-focus-engineTests.xctest"; sourceTree = BUILT_PRODUCTS_DIR; };
		D8E2FA981F6E6EF1005BBB25 /* tvos_swift_focus_engineTests.swift */ = {isa = PBXFileReference; lastKnownFileType = sourcecode.swift; path = tvos_swift_focus_engineTests.swift; sourceTree = "<group>"; };
		D8E2FA9A1F6E6EF1005BBB25 /* Info.plist */ = {isa = PBXFileReference; lastKnownFileType = text.plist.xml; path = Info.plist; sourceTree = "<group>"; };
		E22AC2CA11190AD83354DEFB /* Pods-tvos-swift-focus-engine.debug.xcconfig */ = {isa = PBXFileReference; includeInIndex = 1; lastKnownFileType = text.xcconfig; name = "Pods-tvos-swift-focus-engine.debug.xcconfig"; path = "Pods/Target Support Files/Pods-tvos-swift-focus-engine/Pods-tvos-swift-focus-engine.debug.xcconfig"; sourceTree = "<group>"; };
/* End PBXFileReference section */

/* Begin PBXFrameworksBuildPhase section */
		D8E2FA801F6E6EF1005BBB25 /* Frameworks */ = {
			isa = PBXFrameworksBuildPhase;
			buildActionMask = 2147483647;
			files = (
				1D6D6FE621E51B2499E8C7D6 /* Pods_tvos_swift_focus_engine.framework in Frameworks */,
			);
			runOnlyForDeploymentPostprocessing = 0;
		};
		D8E2FA911F6E6EF1005BBB25 /* Frameworks */ = {
			isa = PBXFrameworksBuildPhase;
			buildActionMask = 2147483647;
			files = (
				2EA4AF9328E9E13C91EAB45B /* Pods_tvos_swift_focus_engineTests.framework in Frameworks */,
			);
			runOnlyForDeploymentPostprocessing = 0;
		};
/* End PBXFrameworksBuildPhase section */

/* Begin PBXGroup section */
		4A811DBD2379CFE31FFDF0B5 /* Pods */ = {
			isa = PBXGroup;
			children = (
				E22AC2CA11190AD83354DEFB /* Pods-tvos-swift-focus-engine.debug.xcconfig */,
				B6E13A848804C529D18601CD /* Pods-tvos-swift-focus-engine.release.xcconfig */,
				20C31C4092C676288D0301A2 /* Pods-tvos-swift-focus-engineTests.debug.xcconfig */,
				05BCBDF37B15ADE81DDBC332 /* Pods-tvos-swift-focus-engineTests.release.xcconfig */,
			);
			name = Pods;
			sourceTree = "<group>";
		};
		87CB66DFD7B3835D6385573D /* Frameworks */ = {
			isa = PBXGroup;
			children = (
				AC974FDB1FCB0926E3AFB600 /* Pods_tvos_swift_focus_engine.framework */,
				4C7A9EE252DD3E81FD3A1A6C /* Pods_tvos_swift_focus_engineTests.framework */,
			);
			name = Frameworks;
			sourceTree = "<group>";
		};
		D8E2FA7A1F6E6EF1005BBB25 = {
			isa = PBXGroup;
			children = (
				D8E2FA851F6E6EF1005BBB25 /* tvos-swift-focus-engine */,
				D8E2FA971F6E6EF1005BBB25 /* tvos-swift-focus-engineTests */,
				D8E2FA841F6E6EF1005BBB25 /* Products */,
				4A811DBD2379CFE31FFDF0B5 /* Pods */,
				87CB66DFD7B3835D6385573D /* Frameworks */,
			);
			sourceTree = "<group>";
		};
		D8E2FA841F6E6EF1005BBB25 /* Products */ = {
			isa = PBXGroup;
			children = (
				D8E2FA831F6E6EF1005BBB25 /* tvos-swift-focus-engine.app */,
				D8E2FA941F6E6EF1005BBB25 /* tvos-swift-focus-engineTests.xctest */,
			);
			name = Products;
			sourceTree = "<group>";
		};
		D8E2FA851F6E6EF1005BBB25 /* tvos-swift-focus-engine */ = {
			isa = PBXGroup;
			children = (
				D8E2FA861F6E6EF1005BBB25 /* AppDelegate.swift */,
				D8E2FA881F6E6EF1005BBB25 /* ViewController.swift */,
				D8631DE61F6ED82000D93265 /* FixedViewController.swift */,
				D8631DE81F6EFD9100D93265 /* CircleViewController.swift */,
				D8E2FA8A1F6E6EF1005BBB25 /* Main.storyboard */,
				D8E2FA8D1F6E6EF1005BBB25 /* Assets.xcassets */,
				D8E2FA8F1F6E6EF1005BBB25 /* Info.plist */,
			);
			path = "tvos-swift-focus-engine";
			sourceTree = "<group>";
		};
		D8E2FA971F6E6EF1005BBB25 /* tvos-swift-focus-engineTests */ = {
			isa = PBXGroup;
			children = (
				D8E2FA981F6E6EF1005BBB25 /* tvos_swift_focus_engineTests.swift */,
				D8E2FA9A1F6E6EF1005BBB25 /* Info.plist */,
			);
			path = "tvos-swift-focus-engineTests";
			sourceTree = "<group>";
		};
/* End PBXGroup section */

/* Begin PBXNativeTarget section */
		D8E2FA821F6E6EF1005BBB25 /* tvos-swift-focus-engine */ = {
			isa = PBXNativeTarget;
			buildConfigurationList = D8E2FA9D1F6E6EF1005BBB25 /* Build configuration list for PBXNativeTarget "tvos-swift-focus-engine" */;
			buildPhases = (
				74307921C2A5E6BDCA26D844 /* [CP] Check Pods Manifest.lock */,
				D8E2FA7F1F6E6EF1005BBB25 /* Sources */,
				D8E2FA801F6E6EF1005BBB25 /* Frameworks */,
				D8E2FA811F6E6EF1005BBB25 /* Resources */,
				A90C2C7F6F1B1714B0949644 /* [CP] Embed Pods Frameworks */,
				9A25C6430E6BC21330BCA8C5 /* [CP] Copy Pods Resources */,
			);
			buildRules = (
			);
			dependencies = (
			);
			name = "tvos-swift-focus-engine";
			productName = "tvos-swift-focus-engine";
			productReference = D8E2FA831F6E6EF1005BBB25 /* tvos-swift-focus-engine.app */;
			productType = "com.apple.product-type.application";
		};
		D8E2FA931F6E6EF1005BBB25 /* tvos-swift-focus-engineTests */ = {
			isa = PBXNativeTarget;
			buildConfigurationList = D8E2FAA01F6E6EF1005BBB25 /* Build configuration list for PBXNativeTarget "tvos-swift-focus-engineTests" */;
			buildPhases = (
				6DE3996B16C06624042AB01D /* [CP] Check Pods Manifest.lock */,
				D8E2FA901F6E6EF1005BBB25 /* Sources */,
				D8E2FA911F6E6EF1005BBB25 /* Frameworks */,
				D8E2FA921F6E6EF1005BBB25 /* Resources */,
				2E63B4E683BC520065C5FA0C /* [CP] Embed Pods Frameworks */,
				DD07F4260A70122E4EE5E26D /* [CP] Copy Pods Resources */,
			);
			buildRules = (
			);
			dependencies = (
				D8E2FA961F6E6EF1005BBB25 /* PBXTargetDependency */,
			);
			name = "tvos-swift-focus-engineTests";
			productName = "tvos-swift-focus-engineTests";
			productReference = D8E2FA941F6E6EF1005BBB25 /* tvos-swift-focus-engineTests.xctest */;
			productType = "com.apple.product-type.bundle.unit-test";
		};
/* End PBXNativeTarget section */

/* Begin PBXProject section */
		D8E2FA7B1F6E6EF1005BBB25 /* Project object */ = {
			isa = PBXProject;
			attributes = {
				LastSwiftUpdateCheck = 0830;
				LastUpgradeCheck = 0830;
				ORGANIZATIONNAME = "Igor Kotkovets";
				TargetAttributes = {
					D8E2FA821F6E6EF1005BBB25 = {
						CreatedOnToolsVersion = 8.3.3;
						DevelopmentTeam = L454S9SQH7;
						ProvisioningStyle = Automatic;
					};
					D8E2FA931F6E6EF1005BBB25 = {
						CreatedOnToolsVersion = 8.3.3;
						DevelopmentTeam = L454S9SQH7;
						ProvisioningStyle = Automatic;
						TestTargetID = D8E2FA821F6E6EF1005BBB25;
					};
				};
			};
			buildConfigurationList = D8E2FA7E1F6E6EF1005BBB25 /* Build configuration list for PBXProject "tvos-swift-focus-engine" */;
			compatibilityVersion = "Xcode 3.2";
			developmentRegion = English;
			hasScannedForEncodings = 0;
			knownRegions = (
				en,
				Base,
			);
			mainGroup = D8E2FA7A1F6E6EF1005BBB25;
			productRefGroup = D8E2FA841F6E6EF1005BBB25 /* Products */;
			projectDirPath = "";
			projectRoot = "";
			targets = (
				D8E2FA821F6E6EF1005BBB25 /* tvos-swift-focus-engine */,
				D8E2FA931F6E6EF1005BBB25 /* tvos-swift-focus-engineTests */,
			);
		};
/* End PBXProject section */

/* Begin PBXResourcesBuildPhase section */
		D8E2FA811F6E6EF1005BBB25 /* Resources */ = {
			isa = PBXResourcesBuildPhase;
			buildActionMask = 2147483647;
			files = (
				D8E2FA8E1F6E6EF1005BBB25 /* Assets.xcassets in Resources */,
				D8E2FA8C1F6E6EF1005BBB25 /* Main.storyboard in Resources */,
			);
			runOnlyForDeploymentPostprocessing = 0;
		};
		D8E2FA921F6E6EF1005BBB25 /* Resources */ = {
			isa = PBXResourcesBuildPhase;
			buildActionMask = 2147483647;
			files = (
			);
			runOnlyForDeploymentPostprocessing = 0;
		};
/* End PBXResourcesBuildPhase section */

/* Begin PBXShellScriptBuildPhase section */
		2E63B4E683BC520065C5FA0C /* [CP] Embed Pods Frameworks */ = {
			isa = PBXShellScriptBuildPhase;
			buildActionMask = 2147483647;
			files = (
			);
			inputPaths = (
			);
			name = "[CP] Embed Pods Frameworks";
			outputPaths = (
			);
			runOnlyForDeploymentPostprocessing = 0;
			shellPath = /bin/sh;
			shellScript = "\"${SRCROOT}/Pods/Target Support Files/Pods-tvos-swift-focus-engineTests/Pods-tvos-swift-focus-engineTests-frameworks.sh\"\n";
			showEnvVarsInLog = 0;
		};
		6DE3996B16C06624042AB01D /* [CP] Check Pods Manifest.lock */ = {
			isa = PBXShellScriptBuildPhase;
			buildActionMask = 2147483647;
			files = (
			);
			inputPaths = (
				"${PODS_PODFILE_DIR_PATH}/Podfile.lock",
				"${PODS_ROOT}/Manifest.lock",
			);
			name = "[CP] Check Pods Manifest.lock";
			outputPaths = (
				"$(DERIVED_FILE_DIR)/Pods-tvos-swift-focus-engineTests-checkManifestLockResult.txt",
			);
			runOnlyForDeploymentPostprocessing = 0;
			shellPath = /bin/sh;
			shellScript = "diff \"${PODS_PODFILE_DIR_PATH}/Podfile.lock\" \"${PODS_ROOT}/Manifest.lock\" > /dev/null\nif [ $? != 0 ] ; then\n    # print error to STDERR\n    echo \"error: The sandbox is not in sync with the Podfile.lock. Run 'pod install' or update your CocoaPods installation.\" >&2\n    exit 1\nfi\n# This output is used by Xcode 'outputs' to avoid re-running this script phase.\necho \"SUCCESS\" > \"${SCRIPT_OUTPUT_FILE_0}\"\n";
			showEnvVarsInLog = 0;
		};
		74307921C2A5E6BDCA26D844 /* [CP] Check Pods Manifest.lock */ = {
			isa = PBXShellScriptBuildPhase;
			buildActionMask = 2147483647;
			files = (
			);
			inputPaths = (
				"${PODS_PODFILE_DIR_PATH}/Podfile.lock",
				"${PODS_ROOT}/Manifest.lock",
			);
			name = "[CP] Check Pods Manifest.lock";
			outputPaths = (
				"$(DERIVED_FILE_DIR)/Pods-tvos-swift-focus-engine-checkManifestLockResult.txt",
			);
			runOnlyForDeploymentPostprocessing = 0;
			shellPath = /bin/sh;
			shellScript = "diff \"${PODS_PODFILE_DIR_PATH}/Podfile.lock\" \"${PODS_ROOT}/Manifest.lock\" > /dev/null\nif [ $? != 0 ] ; then\n    # print error to STDERR\n    echo \"error: The sandbox is not in sync with the Podfile.lock. Run 'pod install' or update your CocoaPods installation.\" >&2\n    exit 1\nfi\n# This output is used by Xcode 'outputs' to avoid re-running this script phase.\necho \"SUCCESS\" > \"${SCRIPT_OUTPUT_FILE_0}\"\n";
			showEnvVarsInLog = 0;
		};
		9A25C6430E6BC21330BCA8C5 /* [CP] Copy Pods Resources */ = {
			isa = PBXShellScriptBuildPhase;
			buildActionMask = 2147483647;
			files = (
			);
			inputPaths = (
			);
			name = "[CP] Copy Pods Resources";
			outputPaths = (
			);
			runOnlyForDeploymentPostprocessing = 0;
			shellPath = /bin/sh;
			shellScript = "\"${SRCROOT}/Pods/Target Support Files/Pods-tvos-swift-focus-engine/Pods-tvos-swift-focus-engine-resources.sh\"\n";
			showEnvVarsInLog = 0;
		};
		A90C2C7F6F1B1714B0949644 /* [CP] Embed Pods Frameworks */ = {
			isa = PBXShellScriptBuildPhase;
			buildActionMask = 2147483647;
			files = (
			);
			inputPaths = (
				"${SRCROOT}/Pods/Target Support Files/Pods-tvos-swift-focus-engine/Pods-tvos-swift-focus-engine-frameworks.sh",
				"${BUILT_PRODUCTS_DIR}/RxCocoa/RxCocoa.framework",
				"${BUILT_PRODUCTS_DIR}/RxSwift/RxSwift.framework",
				"${BUILT_PRODUCTS_DIR}/Swinject/Swinject.framework",
			);
			name = "[CP] Embed Pods Frameworks";
			outputPaths = (
				"${TARGET_BUILD_DIR}/${FRAMEWORKS_FOLDER_PATH}/RxCocoa.framework",
				"${TARGET_BUILD_DIR}/${FRAMEWORKS_FOLDER_PATH}/RxSwift.framework",
				"${TARGET_BUILD_DIR}/${FRAMEWORKS_FOLDER_PATH}/Swinject.framework",
			);
			runOnlyForDeploymentPostprocessing = 0;
			shellPath = /bin/sh;
			shellScript = "\"${SRCROOT}/Pods/Target Support Files/Pods-tvos-swift-focus-engine/Pods-tvos-swift-focus-engine-frameworks.sh\"\n";
			showEnvVarsInLog = 0;
		};
		DD07F4260A70122E4EE5E26D /* [CP] Copy Pods Resources */ = {
			isa = PBXShellScriptBuildPhase;
			buildActionMask = 2147483647;
			files = (
			);
			inputPaths = (
			);
			name = "[CP] Copy Pods Resources";
			outputPaths = (
			);
			runOnlyForDeploymentPostprocessing = 0;
			shellPath = /bin/sh;
			shellScript = "\"${SRCROOT}/Pods/Target Support Files/Pods-tvos-swift-focus-engineTests/Pods-tvos-swift-focus-engineTests-resources.sh\"\n";
			showEnvVarsInLog = 0;
		};
/* End PBXShellScriptBuildPhase section */

/* Begin PBXSourcesBuildPhase section */
		D8E2FA7F1F6E6EF1005BBB25 /* Sources */ = {
			isa = PBXSourcesBuildPhase;
			buildActionMask = 2147483647;
			files = (
				D8E2FA891F6E6EF1005BBB25 /* ViewController.swift in Sources */,
				D8E2FA871F6E6EF1005BBB25 /* AppDelegate.swift in Sources */,
				D8631DE91F6EFD9100D93265 /* CircleViewController.swift in Sources */,
				D8631DE71F6ED82000D93265 /* FixedViewController.swift in Sources */,
			);
			runOnlyForDeploymentPostprocessing = 0;
		};
		D8E2FA901F6E6EF1005BBB25 /* Sources */ = {
			isa = PBXSourcesBuildPhase;
			buildActionMask = 2147483647;
			files = (
				D8E2FA991F6E6EF1005BBB25 /* tvos_swift_focus_engineTests.swift in Sources */,
			);
			runOnlyForDeploymentPostprocessing = 0;
		};
/* End PBXSourcesBuildPhase section */

/* Begin PBXTargetDependency section */
		D8E2FA961F6E6EF1005BBB25 /* PBXTargetDependency */ = {
			isa = PBXTargetDependency;
			target = D8E2FA821F6E6EF1005BBB25 /* tvos-swift-focus-engine */;
			targetProxy = D8E2FA951F6E6EF1005BBB25 /* PBXContainerItemProxy */;
		};
/* End PBXTargetDependency section */

/* Begin PBXVariantGroup section */
		D8E2FA8A1F6E6EF1005BBB25 /* Main.storyboard */ = {
			isa = PBXVariantGroup;
			children = (
				D8E2FA8B1F6E6EF1005BBB25 /* Base */,
			);
			name = Main.storyboard;
			sourceTree = "<group>";
		};
/* End PBXVariantGroup section */

/* Begin XCBuildConfiguration section */
		D8E2FA9B1F6E6EF1005BBB25 /* Debug */ = {
			isa = XCBuildConfiguration;
			buildSettings = {
				ALWAYS_SEARCH_USER_PATHS = NO;
				CLANG_ANALYZER_NONNULL = YES;
				CLANG_ANALYZER_NUMBER_OBJECT_CONVERSION = YES_AGGRESSIVE;
				CLANG_CXX_LANGUAGE_STANDARD = "gnu++0x";
				CLANG_CXX_LIBRARY = "libc++";
				CLANG_ENABLE_MODULES = YES;
				CLANG_ENABLE_OBJC_ARC = YES;
				CLANG_WARN_BOOL_CONVERSION = YES;
				CLANG_WARN_CONSTANT_CONVERSION = YES;
				CLANG_WARN_DIRECT_OBJC_ISA_USAGE = YES_ERROR;
				CLANG_WARN_DOCUMENTATION_COMMENTS = YES;
				CLANG_WARN_EMPTY_BODY = YES;
				CLANG_WARN_ENUM_CONVERSION = YES;
				CLANG_WARN_INFINITE_RECURSION = YES;
				CLANG_WARN_INT_CONVERSION = YES;
				CLANG_WARN_OBJC_ROOT_CLASS = YES_ERROR;
				CLANG_WARN_SUSPICIOUS_MOVE = YES;
				CLANG_WARN_UNREACHABLE_CODE = YES;
				CLANG_WARN__DUPLICATE_METHOD_MATCH = YES;
				COPY_PHASE_STRIP = NO;
				DEBUG_INFORMATION_FORMAT = dwarf;
				ENABLE_STRICT_OBJC_MSGSEND = YES;
				ENABLE_TESTABILITY = YES;
				GCC_C_LANGUAGE_STANDARD = gnu99;
				GCC_DYNAMIC_NO_PIC = NO;
				GCC_NO_COMMON_BLOCKS = YES;
				GCC_OPTIMIZATION_LEVEL = 0;
				GCC_PREPROCESSOR_DEFINITIONS = (
					"DEBUG=1",
					"$(inherited)",
				);
				GCC_WARN_64_TO_32_BIT_CONVERSION = YES;
				GCC_WARN_ABOUT_RETURN_TYPE = YES_ERROR;
				GCC_WARN_UNDECLARED_SELECTOR = YES;
				GCC_WARN_UNINITIALIZED_AUTOS = YES_AGGRESSIVE;
				GCC_WARN_UNUSED_FUNCTION = YES;
				GCC_WARN_UNUSED_VARIABLE = YES;
				MTL_ENABLE_DEBUG_INFO = YES;
				ONLY_ACTIVE_ARCH = YES;
				SDKROOT = appletvos;
				SWIFT_ACTIVE_COMPILATION_CONDITIONS = DEBUG;
				SWIFT_OPTIMIZATION_LEVEL = "-Onone";
				TARGETED_DEVICE_FAMILY = 3;
				TVOS_DEPLOYMENT_TARGET = 10.2;
			};
			name = Debug;
		};
		D8E2FA9C1F6E6EF1005BBB25 /* Release */ = {
			isa = XCBuildConfiguration;
			buildSettings = {
				ALWAYS_SEARCH_USER_PATHS = NO;
				CLANG_ANALYZER_NONNULL = YES;
				CLANG_ANALYZER_NUMBER_OBJECT_CONVERSION = YES_AGGRESSIVE;
				CLANG_CXX_LANGUAGE_STANDARD = "gnu++0x";
				CLANG_CXX_LIBRARY = "libc++";
				CLANG_ENABLE_MODULES = YES;
				CLANG_ENABLE_OBJC_ARC = YES;
				CLANG_WARN_BOOL_CONVERSION = YES;
				CLANG_WARN_CONSTANT_CONVERSION = YES;
				CLANG_WARN_DIRECT_OBJC_ISA_USAGE = YES_ERROR;
				CLANG_WARN_DOCUMENTATION_COMMENTS = YES;
				CLANG_WARN_EMPTY_BODY = YES;
				CLANG_WARN_ENUM_CONVERSION = YES;
				CLANG_WARN_INFINITE_RECURSION = YES;
				CLANG_WARN_INT_CONVERSION = YES;
				CLANG_WARN_OBJC_ROOT_CLASS = YES_ERROR;
				CLANG_WARN_SUSPICIOUS_MOVE = YES;
				CLANG_WARN_UNREACHABLE_CODE = YES;
				CLANG_WARN__DUPLICATE_METHOD_MATCH = YES;
				COPY_PHASE_STRIP = NO;
				DEBUG_INFORMATION_FORMAT = "dwarf-with-dsym";
				ENABLE_NS_ASSERTIONS = NO;
				ENABLE_STRICT_OBJC_MSGSEND = YES;
				GCC_C_LANGUAGE_STANDARD = gnu99;
				GCC_NO_COMMON_BLOCKS = YES;
				GCC_WARN_64_TO_32_BIT_CONVERSION = YES;
				GCC_WARN_ABOUT_RETURN_TYPE = YES_ERROR;
				GCC_WARN_UNDECLARED_SELECTOR = YES;
				GCC_WARN_UNINITIALIZED_AUTOS = YES_AGGRESSIVE;
				GCC_WARN_UNUSED_FUNCTION = YES;
				GCC_WARN_UNUSED_VARIABLE = YES;
				MTL_ENABLE_DEBUG_INFO = NO;
				SDKROOT = appletvos;
				SWIFT_OPTIMIZATION_LEVEL = "-Owholemodule";
				TARGETED_DEVICE_FAMILY = 3;
				TVOS_DEPLOYMENT_TARGET = 10.2;
				VALIDATE_PRODUCT = YES;
			};
			name = Release;
		};
		D8E2FA9E1F6E6EF1005BBB25 /* Debug */ = {
			isa = XCBuildConfiguration;
			baseConfigurationReference = E22AC2CA11190AD83354DEFB /* Pods-tvos-swift-focus-engine.debug.xcconfig */;
			buildSettings = {
				ASSETCATALOG_COMPILER_APPICON_NAME = "App Icon & Top Shelf Image";
				ASSETCATALOG_COMPILER_LAUNCHIMAGE_NAME = LaunchImage;
				DEVELOPMENT_TEAM = L454S9SQH7;
				INFOPLIST_FILE = "tvos-swift-focus-engine/Info.plist";
				LD_RUNPATH_SEARCH_PATHS = "$(inherited) @executable_path/Frameworks";
				PRODUCT_BUNDLE_IDENTIFIER = "IK.tvos-swift-focus-engine";
				PRODUCT_NAME = "$(TARGET_NAME)";
				SWIFT_VERSION = 3.0;
			};
			name = Debug;
		};
		D8E2FA9F1F6E6EF1005BBB25 /* Release */ = {
			isa = XCBuildConfiguration;
			baseConfigurationReference = B6E13A848804C529D18601CD /* Pods-tvos-swift-focus-engine.release.xcconfig */;
			buildSettings = {
				ASSETCATALOG_COMPILER_APPICON_NAME = "App Icon & Top Shelf Image";
				ASSETCATALOG_COMPILER_LAUNCHIMAGE_NAME = LaunchImage;
				DEVELOPMENT_TEAM = L454S9SQH7;
				INFOPLIST_FILE = "tvos-swift-focus-engine/Info.plist";
				LD_RUNPATH_SEARCH_PATHS = "$(inherited) @executable_path/Frameworks";
				PRODUCT_BUNDLE_IDENTIFIER = "IK.tvos-swift-focus-engine";
				PRODUCT_NAME = "$(TARGET_NAME)";
				SWIFT_VERSION = 3.0;
			};
			name = Release;
		};
		D8E2FAA11F6E6EF1005BBB25 /* Debug */ = {
			isa = XCBuildConfiguration;
			baseConfigurationReference = 20C31C4092C676288D0301A2 /* Pods-tvos-swift-focus-engineTests.debug.xcconfig */;
			buildSettings = {
				ALWAYS_EMBED_SWIFT_STANDARD_LIBRARIES = YES;
				BUNDLE_LOADER = "$(TEST_HOST)";
				DEVELOPMENT_TEAM = L454S9SQH7;
				INFOPLIST_FILE = "tvos-swift-focus-engineTests/Info.plist";
				LD_RUNPATH_SEARCH_PATHS = "$(inherited) @executable_path/Frameworks @loader_path/Frameworks";
				PRODUCT_BUNDLE_IDENTIFIER = "IK.tvos-swift-focus-engineTests";
				PRODUCT_NAME = "$(TARGET_NAME)";
				SWIFT_VERSION = 3.0;
				TEST_HOST = "$(BUILT_PRODUCTS_DIR)/tvos-swift-focus-engine.app/tvos-swift-focus-engine";
			};
			name = Debug;
		};
		D8E2FAA21F6E6EF1005BBB25 /* Release */ = {
			isa = XCBuildConfiguration;
			baseConfigurationReference = 05BCBDF37B15ADE81DDBC332 /* Pods-tvos-swift-focus-engineTests.release.xcconfig */;
			buildSettings = {
				ALWAYS_EMBED_SWIFT_STANDARD_LIBRARIES = YES;
				BUNDLE_LOADER = "$(TEST_HOST)";
				DEVELOPMENT_TEAM = L454S9SQH7;
				INFOPLIST_FILE = "tvos-swift-focus-engineTests/Info.plist";
				LD_RUNPATH_SEARCH_PATHS = "$(inherited) @executable_path/Frameworks @loader_path/Frameworks";
				PRODUCT_BUNDLE_IDENTIFIER = "IK.tvos-swift-focus-engineTests";
				PRODUCT_NAME = "$(TARGET_NAME)";
				SWIFT_VERSION = 3.0;
				TEST_HOST = "$(BUILT_PRODUCTS_DIR)/tvos-swift-focus-engine.app/tvos-swift-focus-engine";
			};
			name = Release;
		};
/* End XCBuildConfiguration section */

/* Begin XCConfigurationList section */
		D8E2FA7E1F6E6EF1005BBB25 /* Build configuration list for PBXProject "tvos-swift-focus-engine" */ = {
			isa = XCConfigurationList;
			buildConfigurations = (
				D8E2FA9B1F6E6EF1005BBB25 /* Debug */,
				D8E2FA9C1F6E6EF1005BBB25 /* Release */,
			);
			defaultConfigurationIsVisible = 0;
			defaultConfigurationName = Release;
		};
		D8E2FA9D1F6E6EF1005BBB25 /* Build configuration list for PBXNativeTarget "tvos-swift-focus-engine" */ = {
			isa = XCConfigurationList;
			buildConfigurations = (
				D8E2FA9E1F6E6EF1005BBB25 /* Debug */,
				D8E2FA9F1F6E6EF1005BBB25 /* Release */,
			);
			defaultConfigurationIsVisible = 0;
			defaultConfigurationName = Release;
		};
		D8E2FAA01F6E6EF1005BBB25 /* Build configuration list for PBXNativeTarget "tvos-swift-focus-engineTests" */ = {
			isa = XCConfigurationList;
			buildConfigurations = (
				D8E2FAA11F6E6EF1005BBB25 /* Debug */,
				D8E2FAA21F6E6EF1005BBB25 /* Release */,
			);
			defaultConfigurationIsVisible = 0;
			defaultConfigurationName = Release;
		};
/* End XCConfigurationList section */
	};
	rootObject = D8E2FA7B1F6E6EF1005BBB25 /* Project object */;
}
